
Microsoft Visual Studio Solution File, Format Version 12.00
# Visual Studio Version 17
VisualStudioVersion = 17.11.35431.28
MinimumVisualStudioVersion = 10.0.40219.1
Project("{FAE04EC0-301F-11D3-BF4B-00C04F79EFBC}") = "EmployeeManagmentAPI", "EmployeeManagmentAPI.csproj", "{9CBC6B89-D390-4CF6-B218-027219419FF5}"
EndProject
Global
	GlobalSection(SolutionConfigurationPlatforms) = preSolution
		Debug|Any CPU = Debug|Any CPU
		Release|Any CPU = Release|Any CPU
	EndGlobalSection
	GlobalSection(ProjectConfigurationPlatforms) = postSolution
		{9CBC6B89-D390-4CF6-B218-027219419FF5}.Debug|Any CPU.ActiveCfg = Debug|Any CPU
		{9CBC6B89-D390-4CF6-B218-027219419FF5}.Debug|Any CPU.Build.0 = Debug|Any CPU
		{9CBC6B89-D390-4CF6-B218-027219419FF5}.Release|Any CPU.ActiveCfg = Release|Any CPU
		{9CBC6B89-D390-4CF6-B218-027219419FF5}.Release|Any CPU.Build.0 = Release|Any CPU
	EndGlobalSection
	GlobalSection(SolutionProperties) = preSolution
		HideSolutionNode = FALSE
	EndGlobalSection
	GlobalSection(ExtensibilityGlobals) = postSolution
		SolutionGuid = {188EFAE1-EC5D-4861-A733-E71824151A60}
	EndGlobalSection
EndGlobal
